
Microsoft Visual Studio Solution File, Format Version 12.00
# Visual Studio Version 17
VisualStudioVersion = 17.3.32819.101
MinimumVisualStudioVersion = 10.0.40219.1
Project("{9A19103F-16F7-4668-BE54-9A1E7A4F7556}") = "luohao-data-structure-cs", "luohao-data-structure-cs.csproj", "{FCCAA5C9-27A3-47A2-AD59-757245F62427}"
EndProject
Global
	GlobalSection(SolutionConfigurationPlatforms) = preSolution
		Debug|Any CPU = Debug|Any CPU
		Release|Any CPU = Release|Any CPU
	EndGlobalSection
	GlobalSection(ProjectConfigurationPlatforms) = postSolution
		{FCCAA5C9-27A3-47A2-AD59-757245F62427}.Debug|Any CPU.ActiveCfg = Debug|Any CPU
		{FCCAA5C9-27A3-47A2-AD59-757245F62427}.Debug|Any CPU.Build.0 = Debug|Any CPU
		{FCCAA5C9-27A3-47A2-AD59-757245F62427}.Release|Any CPU.ActiveCfg = Release|Any CPU
		{FCCAA5C9-27A3-47A2-AD59-757245F62427}.Release|Any CPU.Build.0 = Release|Any CPU
	EndGlobalSection
	GlobalSection(SolutionProperties) = preSolution
		HideSolutionNode = FALSE
	EndGlobalSection
	GlobalSection(ExtensibilityGlobals) = postSolution
		SolutionGuid = {C3B91FBF-51C2-4C42-AF32-2CA3DA57A702}
	EndGlobalSection
EndGlobal
